// !$*UTF8*$!
{
	archiveVersion = 1;
	classes = {
	};
	objectVersion = 46;
	objects = {

/* Begin PBXBuildFile section */
		186B03101DB5C2A7007543DB /* AppDelegate.swift in Sources */ = {isa = PBXBuildFile; fileRef = 186B030F1DB5C2A7007543DB /* AppDelegate.swift */; };
		186B03121DB5C2A7007543DB /* QiiteItemListViewController.swift in Sources */ = {isa = PBXBuildFile; fileRef = 186B03111DB5C2A7007543DB /* QiiteItemListViewController.swift */; };
		186B03151DB5C2A8007543DB /* Main.storyboard in Resources */ = {isa = PBXBuildFile; fileRef = 186B03131DB5C2A8007543DB /* Main.storyboard */; };
		186B03171DB5C2A8007543DB /* Assets.xcassets in Resources */ = {isa = PBXBuildFile; fileRef = 186B03161DB5C2A8007543DB /* Assets.xcassets */; };
		186B031A1DB5C2A8007543DB /* LaunchScreen.storyboard in Resources */ = {isa = PBXBuildFile; fileRef = 186B03181DB5C2A8007543DB /* LaunchScreen.storyboard */; };
		188E2DF61DB5E58700375BD7 /* ReSwift.framework in Frameworks */ = {isa = PBXBuildFile; fileRef = 188E2DF51DB5E58700375BD7 /* ReSwift.framework */; };
		188E2E011DB5E8AD00375BD7 /* Unbox.framework in Frameworks */ = {isa = PBXBuildFile; fileRef = 188E2DFD1DB5E8AD00375BD7 /* Unbox.framework */; };
		188E2E021DB5E8AD00375BD7 /* Swinject.framework in Frameworks */ = {isa = PBXBuildFile; fileRef = 188E2DFE1DB5E8AD00375BD7 /* Swinject.framework */; };
		188E2E031DB5E8AD00375BD7 /* Result.framework in Frameworks */ = {isa = PBXBuildFile; fileRef = 188E2DFF1DB5E8AD00375BD7 /* Result.framework */; };
		188E2E041DB5E8AD00375BD7 /* APIKit.framework in Frameworks */ = {isa = PBXBuildFile; fileRef = 188E2E001DB5E8AD00375BD7 /* APIKit.framework */; };
		188E2E061DB5EB7B00375BD7 /* SwinjectStoryboard.framework in Frameworks */ = {isa = PBXBuildFile; fileRef = 188E2E051DB5EB7B00375BD7 /* SwinjectStoryboard.framework */; };
		188E2E0C1DB5EFD900375BD7 /* QiitaGetItemsRequest.swift in Sources */ = {isa = PBXBuildFile; fileRef = 188E2E0B1DB5EFD900375BD7 /* QiitaGetItemsRequest.swift */; };
		188E2E111DB5F0CB00375BD7 /* QiitaRequestType.swift in Sources */ = {isa = PBXBuildFile; fileRef = 188E2E101DB5F0CB00375BD7 /* QiitaRequestType.swift */; };
		188E2E151DB5F3DE00375BD7 /* RxSwift.framework in Frameworks */ = {isa = PBXBuildFile; fileRef = 188E2E121DB5F3DE00375BD7 /* RxSwift.framework */; };
		188E2E161DB5F3DE00375BD7 /* RxCocoa.framework in Frameworks */ = {isa = PBXBuildFile; fileRef = 188E2E131DB5F3DE00375BD7 /* RxCocoa.framework */; };
		188E2E171DB5F3DE00375BD7 /* RxBlocking.framework in Frameworks */ = {isa = PBXBuildFile; fileRef = 188E2E141DB5F3DE00375BD7 /* RxBlocking.framework */; };
		188E2E191DB5F5AA00375BD7 /* QiitaItem.swift in Sources */ = {isa = PBXBuildFile; fileRef = 188E2E181DB5F5AA00375BD7 /* QiitaItem.swift */; };
		188E2E1F1DB5F9D100375BD7 /* ItemListState.swift in Sources */ = {isa = PBXBuildFile; fileRef = 188E2E1E1DB5F9D100375BD7 /* ItemListState.swift */; };
		188E2E251DB5FB1400375BD7 /* ItemListAction.swift in Sources */ = {isa = PBXBuildFile; fileRef = 188E2E241DB5FB1400375BD7 /* ItemListAction.swift */; };
		188E2E271DB5FB5A00375BD7 /* ItemListReducer.swift in Sources */ = {isa = PBXBuildFile; fileRef = 188E2E261DB5FB5A00375BD7 /* ItemListReducer.swift */; };
		188E2E291DB606F100375BD7 /* QiitaItemCell.swift in Sources */ = {isa = PBXBuildFile; fileRef = 188E2E281DB606F100375BD7 /* QiitaItemCell.swift */; };
		188E2E2C1DB609CF00375BD7 /* UIScrollView+Rx.swift in Sources */ = {isa = PBXBuildFile; fileRef = 188E2E2B1DB609CF00375BD7 /* UIScrollView+Rx.swift */; };
/* End PBXBuildFile section */

/* Begin PBXFileReference section */
		186B030C1DB5C2A7007543DB /* reswift-qiita-sample.app */ = {isa = PBXFileReference; explicitFileType = wrapper.application; includeInIndex = 0; path = "reswift-qiita-sample.app"; sourceTree = BUILT_PRODUCTS_DIR; };
		186B030F1DB5C2A7007543DB /* AppDelegate.swift */ = {isa = PBXFileReference; lastKnownFileType = sourcecode.swift; path = AppDelegate.swift; sourceTree = "<group>"; };
		186B03111DB5C2A7007543DB /* QiiteItemListViewController.swift */ = {isa = PBXFileReference; lastKnownFileType = sourcecode.swift; path = QiiteItemListViewController.swift; sourceTree = "<group>"; };
		186B03141DB5C2A8007543DB /* Base */ = {isa = PBXFileReference; lastKnownFileType = file.storyboard; name = Base; path = Base.lproj/Main.storyboard; sourceTree = "<group>"; };
		186B03161DB5C2A8007543DB /* Assets.xcassets */ = {isa = PBXFileReference; lastKnownFileType = folder.assetcatalog; path = Assets.xcassets; sourceTree = "<group>"; };
		186B03191DB5C2A8007543DB /* Base */ = {isa = PBXFileReference; lastKnownFileType = file.storyboard; name = Base; path = Base.lproj/LaunchScreen.storyboard; sourceTree = "<group>"; };
		186B031B1DB5C2A8007543DB /* Info.plist */ = {isa = PBXFileReference; lastKnownFileType = text.plist.xml; path = Info.plist; sourceTree = "<group>"; };
		188E2DF51DB5E58700375BD7 /* ReSwift.framework */ = {isa = PBXFileReference; lastKnownFileType = wrapper.framework; name = ReSwift.framework; path = Carthage/Build/iOS/ReSwift.framework; sourceTree = "<group>"; };
		188E2DFD1DB5E8AD00375BD7 /* Unbox.framework */ = {isa = PBXFileReference; lastKnownFileType = wrapper.framework; name = Unbox.framework; path = Carthage/Build/iOS/Unbox.framework; sourceTree = "<group>"; };
		188E2DFE1DB5E8AD00375BD7 /* Swinject.framework */ = {isa = PBXFileReference; lastKnownFileType = wrapper.framework; name = Swinject.framework; path = Carthage/Build/iOS/Swinject.framework; sourceTree = "<group>"; };
		188E2DFF1DB5E8AD00375BD7 /* Result.framework */ = {isa = PBXFileReference; lastKnownFileType = wrapper.framework; name = Result.framework; path = Carthage/Build/iOS/Result.framework; sourceTree = "<group>"; };
		188E2E001DB5E8AD00375BD7 /* APIKit.framework */ = {isa = PBXFileReference; lastKnownFileType = wrapper.framework; name = APIKit.framework; path = Carthage/Build/iOS/APIKit.framework; sourceTree = "<group>"; };
		188E2E051DB5EB7B00375BD7 /* SwinjectStoryboard.framework */ = {isa = PBXFileReference; lastKnownFileType = wrapper.framework; name = SwinjectStoryboard.framework; path = Carthage/Build/iOS/SwinjectStoryboard.framework; sourceTree = "<group>"; };
		188E2E0B1DB5EFD900375BD7 /* QiitaGetItemsRequest.swift */ = {isa = PBXFileReference; fileEncoding = 4; lastKnownFileType = sourcecode.swift; path = QiitaGetItemsRequest.swift; sourceTree = "<group>"; };
		188E2E101DB5F0CB00375BD7 /* QiitaRequestType.swift */ = {isa = PBXFileReference; fileEncoding = 4; lastKnownFileType = sourcecode.swift; path = QiitaRequestType.swift; sourceTree = "<group>"; };
		188E2E121DB5F3DE00375BD7 /* RxSwift.framework */ = {isa = PBXFileReference; lastKnownFileType = wrapper.framework; name = RxSwift.framework; path = Carthage/Build/iOS/RxSwift.framework; sourceTree = "<group>"; };
		188E2E131DB5F3DE00375BD7 /* RxCocoa.framework */ = {isa = PBXFileReference; lastKnownFileType = wrapper.framework; name = RxCocoa.framework; path = Carthage/Build/iOS/RxCocoa.framework; sourceTree = "<group>"; };
		188E2E141DB5F3DE00375BD7 /* RxBlocking.framework */ = {isa = PBXFileReference; lastKnownFileType = wrapper.framework; name = RxBlocking.framework; path = Carthage/Build/iOS/RxBlocking.framework; sourceTree = "<group>"; };
		188E2E181DB5F5AA00375BD7 /* QiitaItem.swift */ = {isa = PBXFileReference; fileEncoding = 4; lastKnownFileType = sourcecode.swift; path = QiitaItem.swift; sourceTree = "<group>"; };
		188E2E1E1DB5F9D100375BD7 /* ItemListState.swift */ = {isa = PBXFileReference; fileEncoding = 4; lastKnownFileType = sourcecode.swift; path = ItemListState.swift; sourceTree = "<group>"; };
		188E2E241DB5FB1400375BD7 /* ItemListAction.swift */ = {isa = PBXFileReference; fileEncoding = 4; lastKnownFileType = sourcecode.swift; path = ItemListAction.swift; sourceTree = "<group>"; };
		188E2E261DB5FB5A00375BD7 /* ItemListReducer.swift */ = {isa = PBXFileReference; fileEncoding = 4; lastKnownFileType = sourcecode.swift; path = ItemListReducer.swift; sourceTree = "<group>"; };
		188E2E281DB606F100375BD7 /* QiitaItemCell.swift */ = {isa = PBXFileReference; fileEncoding = 4; lastKnownFileType = sourcecode.swift; path = QiitaItemCell.swift; sourceTree = "<group>"; };
		188E2E2B1DB609CF00375BD7 /* UIScrollView+Rx.swift */ = {isa = PBXFileReference; fileEncoding = 4; lastKnownFileType = sourcecode.swift; path = "UIScrollView+Rx.swift"; sourceTree = "<group>"; };
/* End PBXFileReference section */

/* Begin PBXFrameworksBuildPhase section */
		186B03091DB5C2A7007543DB /* Frameworks */ = {
			isa = PBXFrameworksBuildPhase;
			buildActionMask = 2147483647;
			files = (
				188E2E151DB5F3DE00375BD7 /* RxSwift.framework in Frameworks */,
				188E2E161DB5F3DE00375BD7 /* RxCocoa.framework in Frameworks */,
				188E2E171DB5F3DE00375BD7 /* RxBlocking.framework in Frameworks */,
				188E2E061DB5EB7B00375BD7 /* SwinjectStoryboard.framework in Frameworks */,
				188E2E011DB5E8AD00375BD7 /* Unbox.framework in Frameworks */,
				188E2E021DB5E8AD00375BD7 /* Swinject.framework in Frameworks */,
				188E2E031DB5E8AD00375BD7 /* Result.framework in Frameworks */,
				188E2E041DB5E8AD00375BD7 /* APIKit.framework in Frameworks */,
				188E2DF61DB5E58700375BD7 /* ReSwift.framework in Frameworks */,
			);
			runOnlyForDeploymentPostprocessing = 0;
		};
/* End PBXFrameworksBuildPhase section */

/* Begin PBXGroup section */
		186B03031DB5C2A7007543DB = {
			isa = PBXGroup;
			children = (
				186B030E1DB5C2A7007543DB /* reswift-qiita-sample */,
				186B030D1DB5C2A7007543DB /* Products */,
				188E2DF41DB5E58700375BD7 /* Frameworks */,
			);
			sourceTree = "<group>";
		};
		186B030D1DB5C2A7007543DB /* Products */ = {
			isa = PBXGroup;
			children = (
				186B030C1DB5C2A7007543DB /* reswift-qiita-sample.app */,
			);
			name = Products;
			sourceTree = "<group>";
		};
		186B030E1DB5C2A7007543DB /* reswift-qiita-sample */ = {
			isa = PBXGroup;
			children = (
				188E2DF91DB5E64800375BD7 /* Storyboards */,
				188E2DF81DB5E63E00375BD7 /* Classes */,
				186B03161DB5C2A8007543DB /* Assets.xcassets */,
				186B031B1DB5C2A8007543DB /* Info.plist */,
			);
			path = "reswift-qiita-sample";
			sourceTree = "<group>";
		};
		188E2DF41DB5E58700375BD7 /* Frameworks */ = {
			isa = PBXGroup;
			children = (
				188E2E121DB5F3DE00375BD7 /* RxSwift.framework */,
				188E2E131DB5F3DE00375BD7 /* RxCocoa.framework */,
				188E2E141DB5F3DE00375BD7 /* RxBlocking.framework */,
				188E2E051DB5EB7B00375BD7 /* SwinjectStoryboard.framework */,
				188E2DFD1DB5E8AD00375BD7 /* Unbox.framework */,
				188E2DFE1DB5E8AD00375BD7 /* Swinject.framework */,
				188E2DFF1DB5E8AD00375BD7 /* Result.framework */,
				188E2E001DB5E8AD00375BD7 /* APIKit.framework */,
				188E2DF51DB5E58700375BD7 /* ReSwift.framework */,
			);
			name = Frameworks;
			sourceTree = "<group>";
		};
		188E2DF81DB5E63E00375BD7 /* Classes */ = {
			isa = PBXGroup;
			children = (
				188E2E2A1DB609C000375BD7 /* Extension */,
				188E2DFB1DB5E67600375BD7 /* Data */,
				188E2DFA1DB5E66500375BD7 /* UI */,
				186B030F1DB5C2A7007543DB /* AppDelegate.swift */,
			);
			name = Classes;
			sourceTree = "<group>";
		};
		188E2DF91DB5E64800375BD7 /* Storyboards */ = {
			isa = PBXGroup;
			children = (
				186B03131DB5C2A8007543DB /* Main.storyboard */,
				186B03181DB5C2A8007543DB /* LaunchScreen.storyboard */,
			);
			name = Storyboards;
			sourceTree = "<group>";
		};
		188E2DFA1DB5E66500375BD7 /* UI */ = {
			isa = PBXGroup;
			children = (
				188E2E1B1DB5F89100375BD7 /* ItemList */,
			);
			name = UI;
			sourceTree = "<group>";
		};
		188E2DFB1DB5E67600375BD7 /* Data */ = {
			isa = PBXGroup;
			children = (
				188E2DFC1DB5E68C00375BD7 /* Network */,
			);
			name = Data;
			sourceTree = "<group>";
		};
		188E2DFC1DB5E68C00375BD7 /* Network */ = {
			isa = PBXGroup;
			children = (
				188E2E0D1DB5EFEE00375BD7 /* QiitaAPI */,
			);
			name = Network;
			sourceTree = "<group>";
		};
		188E2E091DB5EFA500375BD7 /* Request */ = {
			isa = PBXGroup;
			children = (
				188E2E0B1DB5EFD900375BD7 /* QiitaGetItemsRequest.swift */,
			);
			name = Request;
			sourceTree = "<group>";
		};
		188E2E0A1DB5EFAA00375BD7 /* Response */ = {
			isa = PBXGroup;
			children = (
				188E2E181DB5F5AA00375BD7 /* QiitaItem.swift */,
			);
			name = Response;
			sourceTree = "<group>";
		};
		188E2E0D1DB5EFEE00375BD7 /* QiitaAPI */ = {
			isa = PBXGroup;
			children = (
				188E2E091DB5EFA500375BD7 /* Request */,
				188E2E0A1DB5EFAA00375BD7 /* Response */,
				188E2E101DB5F0CB00375BD7 /* QiitaRequestType.swift */,
			);
			name = QiitaAPI;
			sourceTree = "<group>";
		};
		188E2E1A1DB5F87500375BD7 /* State */ = {
			isa = PBXGroup;
			children = (
				188E2E1E1DB5F9D100375BD7 /* ItemListState.swift */,
			);
			name = State;
			sourceTree = "<group>";
		};
		188E2E1B1DB5F89100375BD7 /* ItemList */ = {
			isa = PBXGroup;
			children = (
				188E2E1C1DB5F8A700375BD7 /* Views */,
				188E2E231DB5FA6D00375BD7 /* Actions */,
				188E2E1A1DB5F87500375BD7 /* State */,
				188E2E1D1DB5F8F300375BD7 /* Reducer */,
			);
			name = ItemList;
			sourceTree = "<group>";
		};
		188E2E1C1DB5F8A700375BD7 /* Views */ = {
			isa = PBXGroup;
			children = (
				186B03111DB5C2A7007543DB /* QiiteItemListViewController.swift */,
				188E2E281DB606F100375BD7 /* QiitaItemCell.swift */,
			);
			name = Views;
			sourceTree = "<group>";
		};
		188E2E1D1DB5F8F300375BD7 /* Reducer */ = {
			isa = PBXGroup;
			children = (
				188E2E261DB5FB5A00375BD7 /* ItemListReducer.swift */,
			);
			name = Reducer;
			sourceTree = "<group>";
		};
		188E2E231DB5FA6D00375BD7 /* Actions */ = {
			isa = PBXGroup;
			children = (
				188E2E241DB5FB1400375BD7 /* ItemListAction.swift */,
			);
			name = Actions;
			sourceTree = "<group>";
		};
		188E2E2A1DB609C000375BD7 /* Extension */ = {
			isa = PBXGroup;
			children = (
				188E2E2B1DB609CF00375BD7 /* UIScrollView+Rx.swift */,
			);
			name = Extension;
			sourceTree = "<group>";
		};
/* End PBXGroup section */

/* Begin PBXNativeTarget section */
		186B030B1DB5C2A7007543DB /* reswift-qiita-sample */ = {
			isa = PBXNativeTarget;
			buildConfigurationList = 186B031E1DB5C2A8007543DB /* Build configuration list for PBXNativeTarget "reswift-qiita-sample" */;
			buildPhases = (
				186B03081DB5C2A7007543DB /* Sources */,
				186B03091DB5C2A7007543DB /* Frameworks */,
				186B030A1DB5C2A7007543DB /* Resources */,
				188E2DF71DB5E59000375BD7 /* ShellScript */,
			);
			buildRules = (
			);
			dependencies = (
			);
			name = "reswift-qiita-sample";
			productName = "reswift-qiita-sample";
			productReference = 186B030C1DB5C2A7007543DB /* reswift-qiita-sample.app */;
			productType = "com.apple.product-type.application";
		};
/* End PBXNativeTarget section */

/* Begin PBXProject section */
		186B03041DB5C2A7007543DB /* Project object */ = {
			isa = PBXProject;
			attributes = {
				LastSwiftUpdateCheck = 0800;
				LastUpgradeCheck = 0800;
				ORGANIZATIONNAME = "rb-de0";
				TargetAttributes = {
					186B030B1DB5C2A7007543DB = {
						CreatedOnToolsVersion = 8.0;
						ProvisioningStyle = Automatic;
					};
				};
			};
			buildConfigurationList = 186B03071DB5C2A7007543DB /* Build configuration list for PBXProject "reswift-qiita-sample" */;
			compatibilityVersion = "Xcode 3.2";
			developmentRegion = English;
			hasScannedForEncodings = 0;
			knownRegions = (
				en,
				Base,
			);
			mainGroup = 186B03031DB5C2A7007543DB;
			productRefGroup = 186B030D1DB5C2A7007543DB /* Products */;
			projectDirPath = "";
			projectRoot = "";
			targets = (
				186B030B1DB5C2A7007543DB /* reswift-qiita-sample */,
			);
		};
/* End PBXProject section */

/* Begin PBXResourcesBuildPhase section */
		186B030A1DB5C2A7007543DB /* Resources */ = {
			isa = PBXResourcesBuildPhase;
			buildActionMask = 2147483647;
			files = (
				186B031A1DB5C2A8007543DB /* LaunchScreen.storyboard in Resources */,
				186B03171DB5C2A8007543DB /* Assets.xcassets in Resources */,
				186B03151DB5C2A8007543DB /* Main.storyboard in Resources */,
			);
			runOnlyForDeploymentPostprocessing = 0;
		};
/* End PBXResourcesBuildPhase section */

/* Begin PBXShellScriptBuildPhase section */
		188E2DF71DB5E59000375BD7 /* ShellScript */ = {
			isa = PBXShellScriptBuildPhase;
			buildActionMask = 2147483647;
			files = (
			);
			inputPaths = (
				"$(SRCROOT)/Carthage/Build/iOS/ReSwift.framework",
				"$(SRCROOT)/Carthage/Build/iOS/Unbox.framework",
				"$(SRCROOT)/Carthage/Build/iOS/APIKit.framework",
				"$(SRCROOT)/Carthage/Build/iOS/Result.framework",
				"$(SRCROOT)/Carthage/Build/iOS/Swinject.framework",
				"$(SRCROOT)/Carthage/Build/iOS/SwinjectStoryboard.framework",
				"$(SRCROOT)/Carthage/Build/iOS/RxSwift.framework",
				"$(SRCROOT)/Carthage/Build/iOS/RxCocoa.framework",
				"$(SRCROOT)/Carthage/Build/iOS/RxBlocking.framework",
			);
			outputPaths = (
			);
			runOnlyForDeploymentPostprocessing = 0;
			shellPath = /bin/sh;
			shellScript = "/usr/local/bin/carthage copy-frameworks";
		};
/* End PBXShellScriptBuildPhase section */

/* Begin PBXSourcesBuildPhase section */
		186B03081DB5C2A7007543DB /* Sources */ = {
			isa = PBXSourcesBuildPhase;
			buildActionMask = 2147483647;
			files = (
				188E2E111DB5F0CB00375BD7 /* QiitaRequestType.swift in Sources */,
				188E2E191DB5F5AA00375BD7 /* QiitaItem.swift in Sources */,
				188E2E1F1DB5F9D100375BD7 /* ItemListState.swift in Sources */,
				186B03121DB5C2A7007543DB /* QiiteItemListViewController.swift in Sources */,
				186B03101DB5C2A7007543DB /* AppDelegate.swift in Sources */,
				188E2E271DB5FB5A00375BD7 /* ItemListReducer.swift in Sources */,
				188E2E291DB606F100375BD7 /* QiitaItemCell.swift in Sources */,
				188E2E0C1DB5EFD900375BD7 /* QiitaGetItemsRequest.swift in Sources */,
				188E2E251DB5FB1400375BD7 /* ItemListAction.swift in Sources */,
				188E2E2C1DB609CF00375BD7 /* UIScrollView+Rx.swift in Sources */,
			);
			runOnlyForDeploymentPostprocessing = 0;
		};
/* End PBXSourcesBuildPhase section */

/* Begin PBXVariantGroup section */
		186B03131DB5C2A8007543DB /* Main.storyboard */ = {
			isa = PBXVariantGroup;
			children = (
				186B03141DB5C2A8007543DB /* Base */,
			);
			name = Main.storyboard;
			sourceTree = "<group>";
		};
		186B03181DB5C2A8007543DB /* LaunchScreen.storyboard */ = {
			isa = PBXVariantGroup;
			children = (
				186B03191DB5C2A8007543DB /* Base */,
			);
			name = LaunchScreen.storyboard;
			sourceTree = "<group>";
		};
/* End PBXVariantGroup section */

/* Begin XCBuildConfiguration section */
		186B031C1DB5C2A8007543DB /* Debug */ = {
			isa = XCBuildConfiguration;
			buildSettings = {
				ALWAYS_SEARCH_USER_PATHS = NO;
				CLANG_ANALYZER_NONNULL = YES;
				CLANG_CXX_LANGUAGE_STANDARD = "gnu++0x";
				CLANG_CXX_LIBRARY = "libc++";
				CLANG_ENABLE_MODULES = YES;
				CLANG_ENABLE_OBJC_ARC = YES;
				CLANG_WARN_BOOL_CONVERSION = YES;
				CLANG_WARN_CONSTANT_CONVERSION = YES;
				CLANG_WARN_DIRECT_OBJC_ISA_USAGE = YES_ERROR;
				CLANG_WARN_DOCUMENTATION_COMMENTS = YES;
				CLANG_WARN_EMPTY_BODY = YES;
				CLANG_WARN_ENUM_CONVERSION = YES;
				CLANG_WARN_INFINITE_RECURSION = YES;
				CLANG_WARN_INT_CONVERSION = YES;
				CLANG_WARN_OBJC_ROOT_CLASS = YES_ERROR;
				CLANG_WARN_SUSPICIOUS_MOVES = YES;
				CLANG_WARN_UNREACHABLE_CODE = YES;
				CLANG_WARN__DUPLICATE_METHOD_MATCH = YES;
				"CODE_SIGN_IDENTITY[sdk=iphoneos*]" = "iPhone Developer";
				COPY_PHASE_STRIP = NO;
				DEBUG_INFORMATION_FORMAT = dwarf;
				ENABLE_STRICT_OBJC_MSGSEND = YES;
				ENABLE_TESTABILITY = YES;
				GCC_C_LANGUAGE_STANDARD = gnu99;
				GCC_DYNAMIC_NO_PIC = NO;
				GCC_NO_COMMON_BLOCKS = YES;
				GCC_OPTIMIZATION_LEVEL = 0;
				GCC_PREPROCESSOR_DEFINITIONS = (
					"DEBUG=1",
					"$(inherited)",
				);
				GCC_WARN_64_TO_32_BIT_CONVERSION = YES;
				GCC_WARN_ABOUT_RETURN_TYPE = YES_ERROR;
				GCC_WARN_UNDECLARED_SELECTOR = YES;
				GCC_WARN_UNINITIALIZED_AUTOS = YES_AGGRESSIVE;
				GCC_WARN_UNUSED_FUNCTION = YES;
				GCC_WARN_UNUSED_VARIABLE = YES;
				IPHONEOS_DEPLOYMENT_TARGET = 10.0;
				MTL_ENABLE_DEBUG_INFO = YES;
				ONLY_ACTIVE_ARCH = YES;
				SDKROOT = iphoneos;
				SWIFT_ACTIVE_COMPILATION_CONDITIONS = DEBUG;
				SWIFT_OPTIMIZATION_LEVEL = "-Onone";
			};
			name = Debug;
		};
		186B031D1DB5C2A8007543DB /* Release */ = {
			isa = XCBuildConfiguration;
			buildSettings = {
				ALWAYS_SEARCH_USER_PATHS = NO;
				CLANG_ANALYZER_NONNULL = YES;
				CLANG_CXX_LANGUAGE_STANDARD = "gnu++0x";
				CLANG_CXX_LIBRARY = "libc++";
				CLANG_ENABLE_MODULES = YES;
				CLANG_ENABLE_OBJC_ARC = YES;
				CLANG_WARN_BOOL_CONVERSION = YES;
				CLANG_WARN_CONSTANT_CONVERSION = YES;
				CLANG_WARN_DIRECT_OBJC_ISA_USAGE = YES_ERROR;
				CLANG_WARN_DOCUMENTATION_COMMENTS = YES;
				CLANG_WARN_EMPTY_BODY = YES;
				CLANG_WARN_ENUM_CONVERSION = YES;
				CLANG_WARN_INFINITE_RECURSION = YES;
				CLANG_WARN_INT_CONVERSION = YES;
				CLANG_WARN_OBJC_ROOT_CLASS = YES_ERROR;
				CLANG_WARN_SUSPICIOUS_MOVES = YES;
				CLANG_WARN_UNREACHABLE_CODE = YES;
				CLANG_WARN__DUPLICATE_METHOD_MATCH = YES;
				"CODE_SIGN_IDENTITY[sdk=iphoneos*]" = "iPhone Developer";
				COPY_PHASE_STRIP = NO;
				DEBUG_INFORMATION_FORMAT = "dwarf-with-dsym";
				ENABLE_NS_ASSERTIONS = NO;
				ENABLE_STRICT_OBJC_MSGSEND = YES;
				GCC_C_LANGUAGE_STANDARD = gnu99;
				GCC_NO_COMMON_BLOCKS = YES;
				GCC_WARN_64_TO_32_BIT_CONVERSION = YES;
				GCC_WARN_ABOUT_RETURN_TYPE = YES_ERROR;
				GCC_WARN_UNDECLARED_SELECTOR = YES;
				GCC_WARN_UNINITIALIZED_AUTOS = YES_AGGRESSIVE;
				GCC_WARN_UNUSED_FUNCTION = YES;
				GCC_WARN_UNUSED_VARIABLE = YES;
				IPHONEOS_DEPLOYMENT_TARGET = 10.0;
				MTL_ENABLE_DEBUG_INFO = NO;
				SDKROOT = iphoneos;
				SWIFT_OPTIMIZATION_LEVEL = "-Owholemodule";
				VALIDATE_PRODUCT = YES;
			};
			name = Release;
		};
		186B031F1DB5C2A8007543DB /* Debug */ = {
			isa = XCBuildConfiguration;
			buildSettings = {
				ASSETCATALOG_COMPILER_APPICON_NAME = AppIcon;
				"CODE_SIGN_IDENTITY[sdk=iphoneos*]" = "iPhone Developer";
				DEVELOPMENT_TEAM = "";
				FRAMEWORK_SEARCH_PATHS = (
					"$(inherited)",
					"$(PROJECT_DIR)/Carthage/Build/iOS",
				);
				INFOPLIST_FILE = "reswift-qiita-sample/Info.plist";
				LD_RUNPATH_SEARCH_PATHS = "$(inherited) @executable_path/Frameworks";
				PRODUCT_BUNDLE_IDENTIFIER = "com.reb-dev.reswift-qiita-sample";
				PRODUCT_NAME = "$(TARGET_NAME)";
				SWIFT_VERSION = 3.0;
			};
			name = Debug;
		};
		186B03201DB5C2A8007543DB /* Release */ = {
			isa = XCBuildConfiguration;
			buildSettings = {
				ASSETCATALOG_COMPILER_APPICON_NAME = AppIcon;
				"CODE_SIGN_IDENTITY[sdk=iphoneos*]" = "iPhone Developer";
				DEVELOPMENT_TEAM = "";
				FRAMEWORK_SEARCH_PATHS = (
					"$(inherited)",
					"$(PROJECT_DIR)/Carthage/Build/iOS",
				);
				INFOPLIST_FILE = "reswift-qiita-sample/Info.plist";
				LD_RUNPATH_SEARCH_PATHS = "$(inherited) @executable_path/Frameworks";
				PRODUCT_BUNDLE_IDENTIFIER = "com.reb-dev.reswift-qiita-sample";
				PRODUCT_NAME = "$(TARGET_NAME)";
				SWIFT_VERSION = 3.0;
			};
			name = Release;
		};
/* End XCBuildConfiguration section */

/* Begin XCConfigurationList section */
		186B03071DB5C2A7007543DB /* Build configuration list for PBXProject "reswift-qiita-sample" */ = {
			isa = XCConfigurationList;
			buildConfigurations = (
				186B031C1DB5C2A8007543DB /* Debug */,
				186B031D1DB5C2A8007543DB /* Release */,
			);
			defaultConfigurationIsVisible = 0;
			defaultConfigurationName = Release;
		};
		186B031E1DB5C2A8007543DB /* Build configuration list for PBXNativeTarget "reswift-qiita-sample" */ = {
			isa = XCConfigurationList;
			buildConfigurations = (
				186B031F1DB5C2A8007543DB /* Debug */,
				186B03201DB5C2A8007543DB /* Release */,
			);
			defaultConfigurationIsVisible = 0;
			defaultConfigurationName = Release;
		};
/* End XCConfigurationList section */
	};
	rootObject = 186B03041DB5C2A7007543DB /* Project object */;
}
